
Microsoft Visual Studio Solution File, Format Version 12.00
# Visual Studio 15
VisualStudioVersion = 15.0.28010.2048
MinimumVisualStudioVersion = 10.0.40219.1
Project("{FAE04EC0-301F-11D3-BF4B-00C04F79EFBC}") = "API", "API\API.csproj", "{EA93F9AB-17F5-4FA5-B3AD-FC85C9C5217D}"
EndProject
Global
	GlobalSection(SolutionConfigurationPlatforms) = preSolution
		Debug|Any CPU = Debug|Any CPU
		Release|Any CPU = Release|Any CPU
	EndGlobalSection
	GlobalSection(ProjectConfigurationPlatforms) = postSolution
		{EA93F9AB-17F5-4FA5-B3AD-FC85C9C5217D}.Debug|Any CPU.ActiveCfg = Debug|Any CPU
		{EA93F9AB-17F5-4FA5-B3AD-FC85C9C5217D}.Debug|Any CPU.Build.0 = Debug|Any CPU
		{EA93F9AB-17F5-4FA5-B3AD-FC85C9C5217D}.Release|Any CPU.ActiveCfg = Release|Any CPU
		{EA93F9AB-17F5-4FA5-B3AD-FC85C9C5217D}.Release|Any CPU.Build.0 = Release|Any CPU
	EndGlobalSection
	GlobalSection(SolutionProperties) = preSolution
		HideSolutionNode = FALSE
	EndGlobalSection
	GlobalSection(ExtensibilityGlobals) = postSolution
		SolutionGuid = {E58DC4A1-0626-47FB-9972-429D4A45810E}
	EndGlobalSection
EndGlobal
